// !$*UTF8*$!
{
	archiveVersion = 1;
	classes = {
	};
	objectVersion = 46;
	objects = {

/* Begin PBXBuildFile section */
		ED35C5021DD47C5900E66E1D /* main.m in Sources */ = {isa = PBXBuildFile; fileRef = ED35C5011DD47C5900E66E1D /* main.m */; };
		ED35C5051DD47C5900E66E1D /* AppDelegate.m in Sources */ = {isa = PBXBuildFile; fileRef = ED35C5041DD47C5900E66E1D /* AppDelegate.m */; };
		ED35C5081DD47C5900E66E1D /* ViewController.m in Sources */ = {isa = PBXBuildFile; fileRef = ED35C5071DD47C5900E66E1D /* ViewController.m */; };
		ED35C50B1DD47C5900E66E1D /* Main.storyboard in Resources */ = {isa = PBXBuildFile; fileRef = ED35C5091DD47C5900E66E1D /* Main.storyboard */; };
		ED35C50D1DD47C5900E66E1D /* Assets.xcassets in Resources */ = {isa = PBXBuildFile; fileRef = ED35C50C1DD47C5900E66E1D /* Assets.xcassets */; };
		ED35C5101DD47C5900E66E1D /* LaunchScreen.storyboard in Resources */ = {isa = PBXBuildFile; fileRef = ED35C50E1DD47C5900E66E1D /* LaunchScreen.storyboard */; };
		ED35C5281DD47C7800E66E1D /* NSDate+Helper.m in Sources */ = {isa = PBXBuildFile; fileRef = ED35C5191DD47C7800E66E1D /* NSDate+Helper.m */; };
		ED35C5291DD47C7800E66E1D /* NSDateFormatter+Helper.m in Sources */ = {isa = PBXBuildFile; fileRef = ED35C51B1DD47C7800E66E1D /* NSDateFormatter+Helper.m */; };
		ED35C52A1DD47C7800E66E1D /* NSManagedObject+Mapping.m in Sources */ = {isa = PBXBuildFile; fileRef = ED35C51D1DD47C7800E66E1D /* NSManagedObject+Mapping.m */; };
		ED35C52B1DD47C7800E66E1D /* NSNotificationCenter+UniqueObserver.m in Sources */ = {isa = PBXBuildFile; fileRef = ED35C51F1DD47C7800E66E1D /* NSNotificationCenter+UniqueObserver.m */; };
		ED35C52C1DD47C7800E66E1D /* NSNumberFormatter+Helper.m in Sources */ = {isa = PBXBuildFile; fileRef = ED35C5211DD47C7800E66E1D /* NSNumberFormatter+Helper.m */; };
		ED35C52D1DD47C7800E66E1D /* NSObject+Helper.m in Sources */ = {isa = PBXBuildFile; fileRef = ED35C5231DD47C7800E66E1D /* NSObject+Helper.m */; };
		ED35C52E1DD47C7800E66E1D /* UIImage+Helper.m in Sources */ = {isa = PBXBuildFile; fileRef = ED35C5251DD47C7800E66E1D /* UIImage+Helper.m */; };
		ED35C52F1DD47C7800E66E1D /* UIView+RoundedCorners.m in Sources */ = {isa = PBXBuildFile; fileRef = ED35C5271DD47C7800E66E1D /* UIView+RoundedCorners.m */; };
/* End PBXBuildFile section */

/* Begin PBXFileReference section */
		ED35C4FD1DD47C5900E66E1D /* Example.app */ = {isa = PBXFileReference; explicitFileType = wrapper.application; includeInIndex = 0; path = Example.app; sourceTree = BUILT_PRODUCTS_DIR; };
		ED35C5011DD47C5900E66E1D /* main.m */ = {isa = PBXFileReference; lastKnownFileType = sourcecode.c.objc; path = main.m; sourceTree = "<group>"; };
		ED35C5031DD47C5900E66E1D /* AppDelegate.h */ = {isa = PBXFileReference; lastKnownFileType = sourcecode.c.h; path = AppDelegate.h; sourceTree = "<group>"; };
		ED35C5041DD47C5900E66E1D /* AppDelegate.m */ = {isa = PBXFileReference; lastKnownFileType = sourcecode.c.objc; path = AppDelegate.m; sourceTree = "<group>"; };
		ED35C5061DD47C5900E66E1D /* ViewController.h */ = {isa = PBXFileReference; lastKnownFileType = sourcecode.c.h; path = ViewController.h; sourceTree = "<group>"; };
		ED35C5071DD47C5900E66E1D /* ViewController.m */ = {isa = PBXFileReference; lastKnownFileType = sourcecode.c.objc; path = ViewController.m; sourceTree = "<group>"; };
		ED35C50A1DD47C5900E66E1D /* Base */ = {isa = PBXFileReference; lastKnownFileType = file.storyboard; name = Base; path = Base.lproj/Main.storyboard; sourceTree = "<group>"; };
		ED35C50C1DD47C5900E66E1D /* Assets.xcassets */ = {isa = PBXFileReference; lastKnownFileType = folder.assetcatalog; path = Assets.xcassets; sourceTree = "<group>"; };
		ED35C50F1DD47C5900E66E1D /* Base */ = {isa = PBXFileReference; lastKnownFileType = file.storyboard; name = Base; path = Base.lproj/LaunchScreen.storyboard; sourceTree = "<group>"; };
		ED35C5111DD47C5900E66E1D /* Info.plist */ = {isa = PBXFileReference; lastKnownFileType = text.plist.xml; path = Info.plist; sourceTree = "<group>"; };
		ED35C5181DD47C7800E66E1D /* NSDate+Helper.h */ = {isa = PBXFileReference; fileEncoding = 4; lastKnownFileType = sourcecode.c.h; path = "NSDate+Helper.h"; sourceTree = "<group>"; };
		ED35C5191DD47C7800E66E1D /* NSDate+Helper.m */ = {isa = PBXFileReference; fileEncoding = 4; lastKnownFileType = sourcecode.c.objc; path = "NSDate+Helper.m"; sourceTree = "<group>"; };
		ED35C51A1DD47C7800E66E1D /* NSDateFormatter+Helper.h */ = {isa = PBXFileReference; fileEncoding = 4; lastKnownFileType = sourcecode.c.h; path = "NSDateFormatter+Helper.h"; sourceTree = "<group>"; };
		ED35C51B1DD47C7800E66E1D /* NSDateFormatter+Helper.m */ = {isa = PBXFileReference; fileEncoding = 4; lastKnownFileType = sourcecode.c.objc; path = "NSDateFormatter+Helper.m"; sourceTree = "<group>"; };
		ED35C51C1DD47C7800E66E1D /* NSManagedObject+Mapping.h */ = {isa = PBXFileReference; fileEncoding = 4; lastKnownFileType = sourcecode.c.h; path = "NSManagedObject+Mapping.h"; sourceTree = "<group>"; };
		ED35C51D1DD47C7800E66E1D /* NSManagedObject+Mapping.m */ = {isa = PBXFileReference; fileEncoding = 4; lastKnownFileType = sourcecode.c.objc; path = "NSManagedObject+Mapping.m"; sourceTree = "<group>"; };
		ED35C51E1DD47C7800E66E1D /* NSNotificationCenter+UniqueObserver.h */ = {isa = PBXFileReference; fileEncoding = 4; lastKnownFileType = sourcecode.c.h; path = "NSNotificationCenter+UniqueObserver.h"; sourceTree = "<group>"; };
		ED35C51F1DD47C7800E66E1D /* NSNotificationCenter+UniqueObserver.m */ = {isa = PBXFileReference; fileEncoding = 4; lastKnownFileType = sourcecode.c.objc; path = "NSNotificationCenter+UniqueObserver.m"; sourceTree = "<group>"; };
		ED35C5201DD47C7800E66E1D /* NSNumberFormatter+Helper.h */ = {isa = PBXFileReference; fileEncoding = 4; lastKnownFileType = sourcecode.c.h; path = "NSNumberFormatter+Helper.h"; sourceTree = "<group>"; };
		ED35C5211DD47C7800E66E1D /* NSNumberFormatter+Helper.m */ = {isa = PBXFileReference; fileEncoding = 4; lastKnownFileType = sourcecode.c.objc; path = "NSNumberFormatter+Helper.m"; sourceTree = "<group>"; };
		ED35C5221DD47C7800E66E1D /* NSObject+Helper.h */ = {isa = PBXFileReference; fileEncoding = 4; lastKnownFileType = sourcecode.c.h; path = "NSObject+Helper.h"; sourceTree = "<group>"; };
		ED35C5231DD47C7800E66E1D /* NSObject+Helper.m */ = {isa = PBXFileReference; fileEncoding = 4; lastKnownFileType = sourcecode.c.objc; path = "NSObject+Helper.m"; sourceTree = "<group>"; };
		ED35C5241DD47C7800E66E1D /* UIImage+Helper.h */ = {isa = PBXFileReference; fileEncoding = 4; lastKnownFileType = sourcecode.c.h; path = "UIImage+Helper.h"; sourceTree = "<group>"; };
		ED35C5251DD47C7800E66E1D /* UIImage+Helper.m */ = {isa = PBXFileReference; fileEncoding = 4; lastKnownFileType = sourcecode.c.objc; path = "UIImage+Helper.m"; sourceTree = "<group>"; };
		ED35C5261DD47C7800E66E1D /* UIView+RoundedCorners.h */ = {isa = PBXFileReference; fileEncoding = 4; lastKnownFileType = sourcecode.c.h; path = "UIView+RoundedCorners.h"; sourceTree = "<group>"; };
		ED35C5271DD47C7800E66E1D /* UIView+RoundedCorners.m */ = {isa = PBXFileReference; fileEncoding = 4; lastKnownFileType = sourcecode.c.objc; path = "UIView+RoundedCorners.m"; sourceTree = "<group>"; };
/* End PBXFileReference section */

/* Begin PBXFrameworksBuildPhase section */
		ED35C4FA1DD47C5900E66E1D /* Frameworks */ = {
			isa = PBXFrameworksBuildPhase;
			buildActionMask = 2147483647;
			files = (
			);
			runOnlyForDeploymentPostprocessing = 0;
		};
/* End PBXFrameworksBuildPhase section */

/* Begin PBXGroup section */
		ED35C4F41DD47C5900E66E1D = {
			isa = PBXGroup;
			children = (
				ED35C4FF1DD47C5900E66E1D /* Example */,
				ED35C4FE1DD47C5900E66E1D /* Products */,
			);
			sourceTree = "<group>";
		};
		ED35C4FE1DD47C5900E66E1D /* Products */ = {
			isa = PBXGroup;
			children = (
				ED35C4FD1DD47C5900E66E1D /* Example.app */,
			);
			name = Products;
			sourceTree = "<group>";
		};
		ED35C4FF1DD47C5900E66E1D /* Example */ = {
			isa = PBXGroup;
			children = (
				ED35C5171DD47C7800E66E1D /* BDGCategories */,
				ED35C5031DD47C5900E66E1D /* AppDelegate.h */,
				ED35C5041DD47C5900E66E1D /* AppDelegate.m */,
				ED35C5061DD47C5900E66E1D /* ViewController.h */,
				ED35C5071DD47C5900E66E1D /* ViewController.m */,
				ED35C5091DD47C5900E66E1D /* Main.storyboard */,
				ED35C50C1DD47C5900E66E1D /* Assets.xcassets */,
				ED35C50E1DD47C5900E66E1D /* LaunchScreen.storyboard */,
				ED35C5111DD47C5900E66E1D /* Info.plist */,
				ED35C5001DD47C5900E66E1D /* Supporting Files */,
			);
			path = Example;
			sourceTree = "<group>";
		};
		ED35C5001DD47C5900E66E1D /* Supporting Files */ = {
			isa = PBXGroup;
			children = (
				ED35C5011DD47C5900E66E1D /* main.m */,
			);
			name = "Supporting Files";
			sourceTree = "<group>";
		};
		ED35C5171DD47C7800E66E1D /* BDGCategories */ = {
			isa = PBXGroup;
			children = (
				ED35C5181DD47C7800E66E1D /* NSDate+Helper.h */,
				ED35C5191DD47C7800E66E1D /* NSDate+Helper.m */,
				ED35C51A1DD47C7800E66E1D /* NSDateFormatter+Helper.h */,
				ED35C51B1DD47C7800E66E1D /* NSDateFormatter+Helper.m */,
				ED35C51C1DD47C7800E66E1D /* NSManagedObject+Mapping.h */,
				ED35C51D1DD47C7800E66E1D /* NSManagedObject+Mapping.m */,
				ED35C51E1DD47C7800E66E1D /* NSNotificationCenter+UniqueObserver.h */,
				ED35C51F1DD47C7800E66E1D /* NSNotificationCenter+UniqueObserver.m */,
				ED35C5201DD47C7800E66E1D /* NSNumberFormatter+Helper.h */,
				ED35C5211DD47C7800E66E1D /* NSNumberFormatter+Helper.m */,
				ED35C5221DD47C7800E66E1D /* NSObject+Helper.h */,
				ED35C5231DD47C7800E66E1D /* NSObject+Helper.m */,
				ED35C5241DD47C7800E66E1D /* UIImage+Helper.h */,
				ED35C5251DD47C7800E66E1D /* UIImage+Helper.m */,
				ED35C5261DD47C7800E66E1D /* UIView+RoundedCorners.h */,
				ED35C5271DD47C7800E66E1D /* UIView+RoundedCorners.m */,
			);
			name = BDGCategories;
			path = ../../../BDGCategories;
			sourceTree = "<group>";
		};
/* End PBXGroup section */

/* Begin PBXNativeTarget section */
		ED35C4FC1DD47C5900E66E1D /* Example */ = {
			isa = PBXNativeTarget;
			buildConfigurationList = ED35C5141DD47C5900E66E1D /* Build configuration list for PBXNativeTarget "Example" */;
			buildPhases = (
				ED35C4F91DD47C5900E66E1D /* Sources */,
				ED35C4FA1DD47C5900E66E1D /* Frameworks */,
				ED35C4FB1DD47C5900E66E1D /* Resources */,
			);
			buildRules = (
			);
			dependencies = (
			);
			name = Example;
			productName = Example;
			productReference = ED35C4FD1DD47C5900E66E1D /* Example.app */;
			productType = "com.apple.product-type.application";
		};
/* End PBXNativeTarget section */

/* Begin PBXProject section */
		ED35C4F51DD47C5900E66E1D /* Project object */ = {
			isa = PBXProject;
			attributes = {
				LastUpgradeCheck = 0810;
				ORGANIZATIONNAME = GraafICT;
				TargetAttributes = {
					ED35C4FC1DD47C5900E66E1D = {
						CreatedOnToolsVersion = 8.1;
						DevelopmentTeam = YX329C7NUQ;
						ProvisioningStyle = Automatic;
					};
				};
			};
			buildConfigurationList = ED35C4F81DD47C5900E66E1D /* Build configuration list for PBXProject "Example" */;
			compatibilityVersion = "Xcode 3.2";
			developmentRegion = English;
			hasScannedForEncodings = 0;
			knownRegions = (
				en,
				Base,
			);
			mainGroup = ED35C4F41DD47C5900E66E1D;
			productRefGroup = ED35C4FE1DD47C5900E66E1D /* Products */;
			projectDirPath = "";
			projectRoot = "";
			targets = (
				ED35C4FC1DD47C5900E66E1D /* Example */,
			);
		};
/* End PBXProject section */

/* Begin PBXResourcesBuildPhase section */
		ED35C4FB1DD47C5900E66E1D /* Resources */ = {
			isa = PBXResourcesBuildPhase;
			buildActionMask = 2147483647;
			files = (
				ED35C5101DD47C5900E66E1D /* LaunchScreen.storyboard in Resources */,
				ED35C50D1DD47C5900E66E1D /* Assets.xcassets in Resources */,
				ED35C50B1DD47C5900E66E1D /* Main.storyboard in Resources */,
			);
			runOnlyForDeploymentPostprocessing = 0;
		};
/* End PBXResourcesBuildPhase section */

/* Begin PBXSourcesBuildPhase section */
		ED35C4F91DD47C5900E66E1D /* Sources */ = {
			isa = PBXSourcesBuildPhase;
			buildActionMask = 2147483647;
			files = (
				ED35C5281DD47C7800E66E1D /* NSDate+Helper.m in Sources */,
				ED35C52F1DD47C7800E66E1D /* UIView+RoundedCorners.m in Sources */,
				ED35C52B1DD47C7800E66E1D /* NSNotificationCenter+UniqueObserver.m in Sources */,
				ED35C5081DD47C5900E66E1D /* ViewController.m in Sources */,
				ED35C52E1DD47C7800E66E1D /* UIImage+Helper.m in Sources */,
				ED35C52D1DD47C7800E66E1D /* NSObject+Helper.m in Sources */,
				ED35C52A1DD47C7800E66E1D /* NSManagedObject+Mapping.m in Sources */,
				ED35C5051DD47C5900E66E1D /* AppDelegate.m in Sources */,
				ED35C5291DD47C7800E66E1D /* NSDateFormatter+Helper.m in Sources */,
				ED35C52C1DD47C7800E66E1D /* NSNumberFormatter+Helper.m in Sources */,
				ED35C5021DD47C5900E66E1D /* main.m in Sources */,
			);
			runOnlyForDeploymentPostprocessing = 0;
		};
/* End PBXSourcesBuildPhase section */

/* Begin PBXVariantGroup section */
		ED35C5091DD47C5900E66E1D /* Main.storyboard */ = {
			isa = PBXVariantGroup;
			children = (
				ED35C50A1DD47C5900E66E1D /* Base */,
			);
			name = Main.storyboard;
			sourceTree = "<group>";
		};
		ED35C50E1DD47C5900E66E1D /* LaunchScreen.storyboard */ = {
			isa = PBXVariantGroup;
			children = (
				ED35C50F1DD47C5900E66E1D /* Base */,
			);
			name = LaunchScreen.storyboard;
			sourceTree = "<group>";
		};
/* End PBXVariantGroup section */

/* Begin XCBuildConfiguration section */
		ED35C5121DD47C5900E66E1D /* Debug */ = {
			isa = XCBuildConfiguration;
			buildSettings = {
				ALWAYS_SEARCH_USER_PATHS = NO;
				CLANG_ANALYZER_NONNULL = YES;
				CLANG_CXX_LANGUAGE_STANDARD = "gnu++0x";
				CLANG_CXX_LIBRARY = "libc++";
				CLANG_ENABLE_MODULES = YES;
				CLANG_ENABLE_OBJC_ARC = YES;
				CLANG_WARN_BOOL_CONVERSION = YES;
				CLANG_WARN_CONSTANT_CONVERSION = YES;
				CLANG_WARN_DIRECT_OBJC_ISA_USAGE = YES_ERROR;
				CLANG_WARN_DOCUMENTATION_COMMENTS = YES;
				CLANG_WARN_EMPTY_BODY = YES;
				CLANG_WARN_ENUM_CONVERSION = YES;
				CLANG_WARN_INFINITE_RECURSION = YES;
				CLANG_WARN_INT_CONVERSION = YES;
				CLANG_WARN_OBJC_ROOT_CLASS = YES_ERROR;
				CLANG_WARN_SUSPICIOUS_MOVES = YES;
				CLANG_WARN_UNREACHABLE_CODE = YES;
				CLANG_WARN__DUPLICATE_METHOD_MATCH = YES;
				"CODE_SIGN_IDENTITY[sdk=iphoneos*]" = "iPhone Developer";
				COPY_PHASE_STRIP = NO;
				DEBUG_INFORMATION_FORMAT = dwarf;
				ENABLE_STRICT_OBJC_MSGSEND = YES;
				ENABLE_TESTABILITY = YES;
				GCC_C_LANGUAGE_STANDARD = gnu99;
				GCC_DYNAMIC_NO_PIC = NO;
				GCC_NO_COMMON_BLOCKS = YES;
				GCC_OPTIMIZATION_LEVEL = 0;
				GCC_PREPROCESSOR_DEFINITIONS = (
					"DEBUG=1",
					"$(inherited)",
				);
				GCC_WARN_64_TO_32_BIT_CONVERSION = YES;
				GCC_WARN_ABOUT_RETURN_TYPE = YES_ERROR;
				GCC_WARN_UNDECLARED_SELECTOR = YES;
				GCC_WARN_UNINITIALIZED_AUTOS = YES_AGGRESSIVE;
				GCC_WARN_UNUSED_FUNCTION = YES;
				GCC_WARN_UNUSED_VARIABLE = YES;
				IPHONEOS_DEPLOYMENT_TARGET = 10.1;
				MTL_ENABLE_DEBUG_INFO = YES;
				ONLY_ACTIVE_ARCH = YES;
				SDKROOT = iphoneos;
				TARGETED_DEVICE_FAMILY = "1,2";
			};
			name = Debug;
		};
		ED35C5131DD47C5900E66E1D /* Release */ = {
			isa = XCBuildConfiguration;
			buildSettings = {
				ALWAYS_SEARCH_USER_PATHS = NO;
				CLANG_ANALYZER_NONNULL = YES;
				CLANG_CXX_LANGUAGE_STANDARD = "gnu++0x";
				CLANG_CXX_LIBRARY = "libc++";
				CLANG_ENABLE_MODULES = YES;
				CLANG_ENABLE_OBJC_ARC = YES;
				CLANG_WARN_BOOL_CONVERSION = YES;
				CLANG_WARN_CONSTANT_CONVERSION = YES;
				CLANG_WARN_DIRECT_OBJC_ISA_USAGE = YES_ERROR;
				CLANG_WARN_DOCUMENTATION_COMMENTS = YES;
				CLANG_WARN_EMPTY_BODY = YES;
				CLANG_WARN_ENUM_CONVERSION = YES;
				CLANG_WARN_INFINITE_RECURSION = YES;
				CLANG_WARN_INT_CONVERSION = YES;
				CLANG_WARN_OBJC_ROOT_CLASS = YES_ERROR;
				CLANG_WARN_SUSPICIOUS_MOVES = YES;
				CLANG_WARN_UNREACHABLE_CODE = YES;
				CLANG_WARN__DUPLICATE_METHOD_MATCH = YES;
				"CODE_SIGN_IDENTITY[sdk=iphoneos*]" = "iPhone Developer";
				COPY_PHASE_STRIP = NO;
				DEBUG_INFORMATION_FORMAT = "dwarf-with-dsym";
				ENABLE_NS_ASSERTIONS = NO;
				ENABLE_STRICT_OBJC_MSGSEND = YES;
				GCC_C_LANGUAGE_STANDARD = gnu99;
				GCC_NO_COMMON_BLOCKS = YES;
				GCC_WARN_64_TO_32_BIT_CONVERSION = YES;
				GCC_WARN_ABOUT_RETURN_TYPE = YES_ERROR;
				GCC_WARN_UNDECLARED_SELECTOR = YES;
				GCC_WARN_UNINITIALIZED_AUTOS = YES_AGGRESSIVE;
				GCC_WARN_UNUSED_FUNCTION = YES;
				GCC_WARN_UNUSED_VARIABLE = YES;
				IPHONEOS_DEPLOYMENT_TARGET = 10.1;
				MTL_ENABLE_DEBUG_INFO = NO;
				SDKROOT = iphoneos;
				TARGETED_DEVICE_FAMILY = "1,2";
				VALIDATE_PRODUCT = YES;
			};
			name = Release;
		};
		ED35C5151DD47C5900E66E1D /* Debug */ = {
			isa = XCBuildConfiguration;
			buildSettings = {
				ASSETCATALOG_COMPILER_APPICON_NAME = AppIcon;
				DEVELOPMENT_TEAM = YX329C7NUQ;
				INFOPLIST_FILE = Example/Info.plist;
				LD_RUNPATH_SEARCH_PATHS = "$(inherited) @executable_path/Frameworks";
				PRODUCT_BUNDLE_IDENTIFIER = graafict.nl.Example;
				PRODUCT_NAME = "$(TARGET_NAME)";
			};
			name = Debug;
		};
		ED35C5161DD47C5900E66E1D /* Release */ = {
			isa = XCBuildConfiguration;
			buildSettings = {
				ASSETCATALOG_COMPILER_APPICON_NAME = AppIcon;
				DEVELOPMENT_TEAM = YX329C7NUQ;
				INFOPLIST_FILE = Example/Info.plist;
				LD_RUNPATH_SEARCH_PATHS = "$(inherited) @executable_path/Frameworks";
				PRODUCT_BUNDLE_IDENTIFIER = graafict.nl.Example;
				PRODUCT_NAME = "$(TARGET_NAME)";
			};
			name = Release;
		};
/* End XCBuildConfiguration section */

/* Begin XCConfigurationList section */
		ED35C4F81DD47C5900E66E1D /* Build configuration list for PBXProject "Example" */ = {
			isa = XCConfigurationList;
			buildConfigurations = (
				ED35C5121DD47C5900E66E1D /* Debug */,
				ED35C5131DD47C5900E66E1D /* Release */,
			);
			defaultConfigurationIsVisible = 0;
			defaultConfigurationName = Release;
		};
		ED35C5141DD47C5900E66E1D /* Build configuration list for PBXNativeTarget "Example" */ = {
			isa = XCConfigurationList;
			buildConfigurations = (
				ED35C5151DD47C5900E66E1D /* Debug */,
				ED35C5161DD47C5900E66E1D /* Release */,
			);
			defaultConfigurationIsVisible = 0;
		};
/* End XCConfigurationList section */
	};
	rootObject = ED35C4F51DD47C5900E66E1D /* Project object */;
}
